# THIS IS AN AUTOGENERATED FILE. DO NOT EDIT THIS FILE DIRECTLY.
# yarn lockfile v1


hybrids@^4.0.4:
  version "4.0.4"
  resolved "https://registry.yarnpkg.com/hybrids/-/hybrids-4.0.4.tgz#a3d4a5f1c23f8108b31a1e37576fdd0563577036"
  integrity sha512-oY2NvWNGgkD+wz0KBtrHSppt1Zg+n/iarBnSEQs02aWCrz68032mJskXre2HuV96YjU7O2cwv0rfZlgD6bPj6A==
